
Microsoft Visual Studio Solution File, Format Version 12.00
# Visual Studio Version 17
VisualStudioVersion = 17.5.002.0
MinimumVisualStudioVersion = 10.0.40219.1
Project("{9A19103F-16F7-4668-BE54-9A1E7A4F7556}") = "C# part 2", "C# part 2.csproj", "{DEA6E953-B799-45FD-89C7-FDA3A9A0AC3B}"
EndProject
Global
	GlobalSection(SolutionConfigurationPlatforms) = preSolution
		Debug|Any CPU = Debug|Any CPU
		Release|Any CPU = Release|Any CPU
	EndGlobalSection
	GlobalSection(ProjectConfigurationPlatforms) = postSolution
		{DEA6E953-B799-45FD-89C7-FDA3A9A0AC3B}.Debug|Any CPU.ActiveCfg = Debug|Any CPU
		{DEA6E953-B799-45FD-89C7-FDA3A9A0AC3B}.Debug|Any CPU.Build.0 = Debug|Any CPU
		{DEA6E953-B799-45FD-89C7-FDA3A9A0AC3B}.Release|Any CPU.ActiveCfg = Release|Any CPU
		{DEA6E953-B799-45FD-89C7-FDA3A9A0AC3B}.Release|Any CPU.Build.0 = Release|Any CPU
	EndGlobalSection
	GlobalSection(SolutionProperties) = preSolution
		HideSolutionNode = FALSE
	EndGlobalSection
	GlobalSection(ExtensibilityGlobals) = postSolution
		SolutionGuid = {9385F772-9FF6-4CAD-A016-67950AED37B4}
	EndGlobalSection
EndGlobal
